
Microsoft Visual Studio Solution File, Format Version 12.00
# Visual Studio Version 16
VisualStudioVersion = 16.0.30320.27
MinimumVisualStudioVersion = 10.0.40219.1
Project("{FAE04EC0-301F-11D3-BF4B-00C04F79EFBC}") = "ProjetoUnipWeb", "ProjetoUnipWeb\ProjetoUnipWeb.csproj", "{39325B97-FE63-4B4E-9EB9-E2836BC4D32B}"
EndProject
Project("{9A19103F-16F7-4668-BE54-9A1E7A4F7556}") = "ProjetoUnipWeb.Domain", "ProjetoUnipWeb.Domain\ProjetoUnipWeb.Domain.csproj", "{A0285F1A-01A7-478E-BF5B-C4E60B0F2806}"
EndProject
Global
	GlobalSection(SolutionConfigurationPlatforms) = preSolution
		Debug|Any CPU = Debug|Any CPU
		Release|Any CPU = Release|Any CPU
	EndGlobalSection
	GlobalSection(ProjectConfigurationPlatforms) = postSolution
		{39325B97-FE63-4B4E-9EB9-E2836BC4D32B}.Debug|Any CPU.ActiveCfg = Debug|Any CPU
		{39325B97-FE63-4B4E-9EB9-E2836BC4D32B}.Debug|Any CPU.Build.0 = Debug|Any CPU
		{39325B97-FE63-4B4E-9EB9-E2836BC4D32B}.Release|Any CPU.ActiveCfg = Release|Any CPU
		{39325B97-FE63-4B4E-9EB9-E2836BC4D32B}.Release|Any CPU.Build.0 = Release|Any CPU
		{A0285F1A-01A7-478E-BF5B-C4E60B0F2806}.Debug|Any CPU.ActiveCfg = Debug|Any CPU
		{A0285F1A-01A7-478E-BF5B-C4E60B0F2806}.Debug|Any CPU.Build.0 = Debug|Any CPU
		{A0285F1A-01A7-478E-BF5B-C4E60B0F2806}.Release|Any CPU.ActiveCfg = Release|Any CPU
		{A0285F1A-01A7-478E-BF5B-C4E60B0F2806}.Release|Any CPU.Build.0 = Release|Any CPU
	EndGlobalSection
	GlobalSection(SolutionProperties) = preSolution
		HideSolutionNode = FALSE
	EndGlobalSection
	GlobalSection(ExtensibilityGlobals) = postSolution
		SolutionGuid = {369385F9-70EF-4719-8C8C-052664D8F9CF}
	EndGlobalSection
EndGlobal
